
Microsoft Visual Studio Solution File, Format Version 12.00
# Visual Studio Version 16
VisualStudioVersion = 16.0.34031.81
MinimumVisualStudioVersion = 10.0.40219.1
Project("{F184B08F-C81C-45F6-A57F-5ABD9991F28F}") = "Savings Investment Balance CNIT175", "Savings Investment Balance CNIT175\Savings Investment Balance CNIT175.vbproj", "{EC616926-4DD5-459F-BF0B-620B200EB764}"
EndProject
Global
	GlobalSection(SolutionConfigurationPlatforms) = preSolution
		Debug|Any CPU = Debug|Any CPU
		Release|Any CPU = Release|Any CPU
	EndGlobalSection
	GlobalSection(ProjectConfigurationPlatforms) = postSolution
		{EC616926-4DD5-459F-BF0B-620B200EB764}.Debug|Any CPU.ActiveCfg = Debug|Any CPU
		{EC616926-4DD5-459F-BF0B-620B200EB764}.Debug|Any CPU.Build.0 = Debug|Any CPU
		{EC616926-4DD5-459F-BF0B-620B200EB764}.Release|Any CPU.ActiveCfg = Release|Any CPU
		{EC616926-4DD5-459F-BF0B-620B200EB764}.Release|Any CPU.Build.0 = Release|Any CPU
	EndGlobalSection
	GlobalSection(SolutionProperties) = preSolution
		HideSolutionNode = FALSE
	EndGlobalSection
	GlobalSection(ExtensibilityGlobals) = postSolution
		SolutionGuid = {CAB2087F-01C5-4C07-B072-2A7A061C14B1}
	EndGlobalSection
EndGlobal
